
Microsoft Visual Studio Solution File, Format Version 12.00
Project("{FAE04EC0-301F-11D3-BF4B-00C04F79EFBC}") = "BBCodeSharp", "BBCodeSharp\BBCodeSharp.csproj", "{6C2E1861-0A84-492D-8CE6-301047AC3A7F}"
EndProject
Project("{FAE04EC0-301F-11D3-BF4B-00C04F79EFBC}") = "BBCodeSharp.Tests", "BBCodeSharp.Tests\BBCodeSharp.Tests.csproj", "{E5A9C24E-575B-4CF8-8D54-EEE3D6A396FB}"
EndProject
Project("{FAE04EC0-301F-11D3-BF4B-00C04F79EFBC}") = "Demo", "Demo\Demo.csproj", "{396FF43F-344F-48BE-A2FA-762E6645F2D6}"
EndProject
Global
	GlobalSection(SolutionConfigurationPlatforms) = preSolution
		Debug|Any CPU = Debug|Any CPU
		Release|Any CPU = Release|Any CPU
	EndGlobalSection
	GlobalSection(ProjectConfigurationPlatforms) = postSolution
		{6C2E1861-0A84-492D-8CE6-301047AC3A7F}.Debug|Any CPU.ActiveCfg = Debug|Any CPU
		{6C2E1861-0A84-492D-8CE6-301047AC3A7F}.Debug|Any CPU.Build.0 = Debug|Any CPU
		{6C2E1861-0A84-492D-8CE6-301047AC3A7F}.Release|Any CPU.ActiveCfg = Release|Any CPU
		{6C2E1861-0A84-492D-8CE6-301047AC3A7F}.Release|Any CPU.Build.0 = Release|Any CPU
		{E5A9C24E-575B-4CF8-8D54-EEE3D6A396FB}.Debug|Any CPU.ActiveCfg = Debug|Any CPU
		{E5A9C24E-575B-4CF8-8D54-EEE3D6A396FB}.Debug|Any CPU.Build.0 = Debug|Any CPU
		{E5A9C24E-575B-4CF8-8D54-EEE3D6A396FB}.Release|Any CPU.ActiveCfg = Release|Any CPU
		{E5A9C24E-575B-4CF8-8D54-EEE3D6A396FB}.Release|Any CPU.Build.0 = Release|Any CPU
		{396FF43F-344F-48BE-A2FA-762E6645F2D6}.Debug|Any CPU.ActiveCfg = Debug|Any CPU
		{396FF43F-344F-48BE-A2FA-762E6645F2D6}.Debug|Any CPU.Build.0 = Debug|Any CPU
		{396FF43F-344F-48BE-A2FA-762E6645F2D6}.Release|Any CPU.ActiveCfg = Release|Any CPU
		{396FF43F-344F-48BE-A2FA-762E6645F2D6}.Release|Any CPU.Build.0 = Release|Any CPU
	EndGlobalSection
EndGlobal
